// !$*UTF8*$!
{
	archiveVersion = 1;
	classes = {
	};
	objectVersion = 50;
	objects = {

/* Begin PBXBuildFile section */
		3B84B3F625E0048C00A18412 /* AppDelegate.swift in Sources */ = {isa = PBXBuildFile; fileRef = 3B84B3F525E0048C00A18412 /* AppDelegate.swift */; };
		3B84B3FD25E0048C00A18412 /* Main.storyboard in Resources */ = {isa = PBXBuildFile; fileRef = 3B84B3FB25E0048C00A18412 /* Main.storyboard */; };
		3B84B3FF25E0048D00A18412 /* Assets.xcassets in Resources */ = {isa = PBXBuildFile; fileRef = 3B84B3FE25E0048D00A18412 /* Assets.xcassets */; };
		3B84B40225E0048D00A18412 /* LaunchScreen.storyboard in Resources */ = {isa = PBXBuildFile; fileRef = 3B84B40025E0048D00A18412 /* LaunchScreen.storyboard */; };
		3B84B40F25E006DB00A18412 /* MainViewCoontroller.swift in Sources */ = {isa = PBXBuildFile; fileRef = 3B84B40E25E006DB00A18412 /* MainViewCoontroller.swift */; };
/* End PBXBuildFile section */

/* Begin PBXFileReference section */
		3B84B3F225E0048C00A18412 /* SimpleFileManager.app */ = {isa = PBXFileReference; explicitFileType = wrapper.application; includeInIndex = 0; path = SimpleFileManager.app; sourceTree = BUILT_PRODUCTS_DIR; };
		3B84B3F525E0048C00A18412 /* AppDelegate.swift */ = {isa = PBXFileReference; lastKnownFileType = sourcecode.swift; path = AppDelegate.swift; sourceTree = "<group>"; };
		3B84B3FC25E0048C00A18412 /* Base */ = {isa = PBXFileReference; lastKnownFileType = file.storyboard; name = Base; path = Base.lproj/Main.storyboard; sourceTree = "<group>"; };
		3B84B3FE25E0048D00A18412 /* Assets.xcassets */ = {isa = PBXFileReference; lastKnownFileType = folder.assetcatalog; path = Assets.xcassets; sourceTree = "<group>"; };
		3B84B40125E0048D00A18412 /* Base */ = {isa = PBXFileReference; lastKnownFileType = file.storyboard; name = Base; path = Base.lproj/LaunchScreen.storyboard; sourceTree = "<group>"; };
		3B84B40325E0048D00A18412 /* Info.plist */ = {isa = PBXFileReference; lastKnownFileType = text.plist.xml; path = Info.plist; sourceTree = "<group>"; };
		3B84B40E25E006DB00A18412 /* MainViewCoontroller.swift */ = {isa = PBXFileReference; lastKnownFileType = sourcecode.swift; path = MainViewCoontroller.swift; sourceTree = "<group>"; };
/* End PBXFileReference section */

/* Begin PBXFrameworksBuildPhase section */
		3B84B3EF25E0048C00A18412 /* Frameworks */ = {
			isa = PBXFrameworksBuildPhase;
			buildActionMask = 2147483647;
			files = (
			);
			runOnlyForDeploymentPostprocessing = 0;
		};
/* End PBXFrameworksBuildPhase section */

/* Begin PBXGroup section */
		3B84B3E925E0048C00A18412 = {
			isa = PBXGroup;
			children = (
				3B84B3F425E0048C00A18412 /* SimpleFileManager */,
				3B84B3F325E0048C00A18412 /* Products */,
			);
			sourceTree = "<group>";
		};
		3B84B3F325E0048C00A18412 /* Products */ = {
			isa = PBXGroup;
			children = (
				3B84B3F225E0048C00A18412 /* SimpleFileManager.app */,
			);
			name = Products;
			sourceTree = "<group>";
		};
		3B84B3F425E0048C00A18412 /* SimpleFileManager */ = {
			isa = PBXGroup;
			children = (
				3B84B40A25E005B900A18412 /* Application Files */,
				3B84B40E25E006DB00A18412 /* MainViewCoontroller.swift */,
			);
			path = SimpleFileManager;
			sourceTree = "<group>";
		};
		3B84B40A25E005B900A18412 /* Application Files */ = {
			isa = PBXGroup;
			children = (
				3B84B3F525E0048C00A18412 /* AppDelegate.swift */,
				3B84B3FB25E0048C00A18412 /* Main.storyboard */,
				3B84B3FE25E0048D00A18412 /* Assets.xcassets */,
				3B84B40025E0048D00A18412 /* LaunchScreen.storyboard */,
				3B84B40325E0048D00A18412 /* Info.plist */,
			);
			path = "Application Files";
			sourceTree = "<group>";
		};
/* End PBXGroup section */

/* Begin PBXNativeTarget section */
		3B84B3F125E0048C00A18412 /* SimpleFileManager */ = {
			isa = PBXNativeTarget;
			buildConfigurationList = 3B84B40625E0048D00A18412 /* Build configuration list for PBXNativeTarget "SimpleFileManager" */;
			buildPhases = (
				3B84B3EE25E0048C00A18412 /* Sources */,
				3B84B3EF25E0048C00A18412 /* Frameworks */,
				3B84B3F025E0048C00A18412 /* Resources */,
			);
			buildRules = (
			);
			dependencies = (
			);
			name = SimpleFileManager;
			productName = SimpleFileManager;
			productReference = 3B84B3F225E0048C00A18412 /* SimpleFileManager.app */;
			productType = "com.apple.product-type.application";
		};
/* End PBXNativeTarget section */

/* Begin PBXProject section */
		3B84B3EA25E0048C00A18412 /* Project object */ = {
			isa = PBXProject;
			attributes = {
				LastSwiftUpdateCheck = 1240;
				LastUpgradeCheck = 1240;
				TargetAttributes = {
					3B84B3F125E0048C00A18412 = {
						CreatedOnToolsVersion = 12.4;
					};
				};
			};
			buildConfigurationList = 3B84B3ED25E0048C00A18412 /* Build configuration list for PBXProject "SimpleFileManager" */;
			compatibilityVersion = "Xcode 9.3";
			developmentRegion = en;
			hasScannedForEncodings = 0;
			knownRegions = (
				en,
				Base,
			);
			mainGroup = 3B84B3E925E0048C00A18412;
			productRefGroup = 3B84B3F325E0048C00A18412 /* Products */;
			projectDirPath = "";
			projectRoot = "";
			targets = (
				3B84B3F125E0048C00A18412 /* SimpleFileManager */,
			);
		};
/* End PBXProject section */

/* Begin PBXResourcesBuildPhase section */
		3B84B3F025E0048C00A18412 /* Resources */ = {
			isa = PBXResourcesBuildPhase;
			buildActionMask = 2147483647;
			files = (
				3B84B40225E0048D00A18412 /* LaunchScreen.storyboard in Resources */,
				3B84B3FF25E0048D00A18412 /* Assets.xcassets in Resources */,
				3B84B3FD25E0048C00A18412 /* Main.storyboard in Resources */,
			);
			runOnlyForDeploymentPostprocessing = 0;
		};
/* End PBXResourcesBuildPhase section */

/* Begin PBXSourcesBuildPhase section */
		3B84B3EE25E0048C00A18412 /* Sources */ = {
			isa = PBXSourcesBuildPhase;
			buildActionMask = 2147483647;
			files = (
				3B84B3F625E0048C00A18412 /* AppDelegate.swift in Sources */,
				3B84B40F25E006DB00A18412 /* MainViewCoontroller.swift in Sources */,
			);
			runOnlyForDeploymentPostprocessing = 0;
		};
/* End PBXSourcesBuildPhase section */

/* Begin PBXVariantGroup section */
		3B84B3FB25E0048C00A18412 /* Main.storyboard */ = {
			isa = PBXVariantGroup;
			children = (
				3B84B3FC25E0048C00A18412 /* Base */,
			);
			name = Main.storyboard;
			sourceTree = "<group>";
		};
		3B84B40025E0048D00A18412 /* LaunchScreen.storyboard */ = {
			isa = PBXVariantGroup;
			children = (
				3B84B40125E0048D00A18412 /* Base */,
			);
			name = LaunchScreen.storyboard;
			sourceTree = "<group>";
		};
/* End PBXVariantGroup section */

/* Begin XCBuildConfiguration section */
		3B84B40425E0048D00A18412 /* Debug */ = {
			isa = XCBuildConfiguration;
			buildSettings = {
				ALWAYS_SEARCH_USER_PATHS = NO;
				CLANG_ANALYZER_NONNULL = YES;
				CLANG_ANALYZER_NUMBER_OBJECT_CONVERSION = YES_AGGRESSIVE;
				CLANG_CXX_LANGUAGE_STANDARD = "gnu++14";
				CLANG_CXX_LIBRARY = "libc++";
				CLANG_ENABLE_MODULES = YES;
				CLANG_ENABLE_OBJC_ARC = YES;
				CLANG_ENABLE_OBJC_WEAK = YES;
				CLANG_WARN_BLOCK_CAPTURE_AUTORELEASING = YES;
				CLANG_WARN_BOOL_CONVERSION = YES;
				CLANG_WARN_COMMA = YES;
				CLANG_WARN_CONSTANT_CONVERSION = YES;
				CLANG_WARN_DEPRECATED_OBJC_IMPLEMENTATIONS = YES;
				CLANG_WARN_DIRECT_OBJC_ISA_USAGE = YES_ERROR;
				CLANG_WARN_DOCUMENTATION_COMMENTS = YES;
				CLANG_WARN_EMPTY_BODY = YES;
				CLANG_WARN_ENUM_CONVERSION = YES;
				CLANG_WARN_INFINITE_RECURSION = YES;
				CLANG_WARN_INT_CONVERSION = YES;
				CLANG_WARN_NON_LITERAL_NULL_CONVERSION = YES;
				CLANG_WARN_OBJC_IMPLICIT_RETAIN_SELF = YES;
				CLANG_WARN_OBJC_LITERAL_CONVERSION = YES;
				CLANG_WARN_OBJC_ROOT_CLASS = YES_ERROR;
				CLANG_WARN_QUOTED_INCLUDE_IN_FRAMEWORK_HEADER = YES;
				CLANG_WARN_RANGE_LOOP_ANALYSIS = YES;
				CLANG_WARN_STRICT_PROTOTYPES = YES;
				CLANG_WARN_SUSPICIOUS_MOVE = YES;
				CLANG_WARN_UNGUARDED_AVAILABILITY = YES_AGGRESSIVE;
				CLANG_WARN_UNREACHABLE_CODE = YES;
				CLANG_WARN__DUPLICATE_METHOD_MATCH = YES;
				COPY_PHASE_STRIP = NO;
				DEBUG_INFORMATION_FORMAT = dwarf;
				ENABLE_STRICT_OBJC_MSGSEND = YES;
				ENABLE_TESTABILITY = YES;
				GCC_C_LANGUAGE_STANDARD = gnu11;
				GCC_DYNAMIC_NO_PIC = NO;
				GCC_NO_COMMON_BLOCKS = YES;
				GCC_OPTIMIZATION_LEVEL = 0;
				GCC_PREPROCESSOR_DEFINITIONS = (
					"DEBUG=1",
					"$(inherited)",
				);
				GCC_WARN_64_TO_32_BIT_CONVERSION = YES;
				GCC_WARN_ABOUT_RETURN_TYPE = YES_ERROR;
				GCC_WARN_UNDECLARED_SELECTOR = YES;
				GCC_WARN_UNINITIALIZED_AUTOS = YES_AGGRESSIVE;
				GCC_WARN_UNUSED_FUNCTION = YES;
				GCC_WARN_UNUSED_VARIABLE = YES;
				IPHONEOS_DEPLOYMENT_TARGET = 14.4;
				MTL_ENABLE_DEBUG_INFO = INCLUDE_SOURCE;
				MTL_FAST_MATH = YES;
				ONLY_ACTIVE_ARCH = YES;
				SDKROOT = iphoneos;
				SWIFT_ACTIVE_COMPILATION_CONDITIONS = DEBUG;
				SWIFT_OPTIMIZATION_LEVEL = "-Onone";
			};
			name = Debug;
		};
		3B84B40525E0048D00A18412 /* Release */ = {
			isa = XCBuildConfiguration;
			buildSettings = {
				ALWAYS_SEARCH_USER_PATHS = NO;
				CLANG_ANALYZER_NONNULL = YES;
				CLANG_ANALYZER_NUMBER_OBJECT_CONVERSION = YES_AGGRESSIVE;
				CLANG_CXX_LANGUAGE_STANDARD = "gnu++14";
				CLANG_CXX_LIBRARY = "libc++";
				CLANG_ENABLE_MODULES = YES;
				CLANG_ENABLE_OBJC_ARC = YES;
				CLANG_ENABLE_OBJC_WEAK = YES;
				CLANG_WARN_BLOCK_CAPTURE_AUTORELEASING = YES;
				CLANG_WARN_BOOL_CONVERSION = YES;
				CLANG_WARN_COMMA = YES;
				CLANG_WARN_CONSTANT_CONVERSION = YES;
				CLANG_WARN_DEPRECATED_OBJC_IMPLEMENTATIONS = YES;
				CLANG_WARN_DIRECT_OBJC_ISA_USAGE = YES_ERROR;
				CLANG_WARN_DOCUMENTATION_COMMENTS = YES;
				CLANG_WARN_EMPTY_BODY = YES;
				CLANG_WARN_ENUM_CONVERSION = YES;
				CLANG_WARN_INFINITE_RECURSION = YES;
				CLANG_WARN_INT_CONVERSION = YES;
				CLANG_WARN_NON_LITERAL_NULL_CONVERSION = YES;
				CLANG_WARN_OBJC_IMPLICIT_RETAIN_SELF = YES;
				CLANG_WARN_OBJC_LITERAL_CONVERSION = YES;
				CLANG_WARN_OBJC_ROOT_CLASS = YES_ERROR;
				CLANG_WARN_QUOTED_INCLUDE_IN_FRAMEWORK_HEADER = YES;
				CLANG_WARN_RANGE_LOOP_ANALYSIS = YES;
				CLANG_WARN_STRICT_PROTOTYPES = YES;
				CLANG_WARN_SUSPICIOUS_MOVE = YES;
				CLANG_WARN_UNGUARDED_AVAILABILITY = YES_AGGRESSIVE;
				CLANG_WARN_UNREACHABLE_CODE = YES;
				CLANG_WARN__DUPLICATE_METHOD_MATCH = YES;
				COPY_PHASE_STRIP = NO;
				DEBUG_INFORMATION_FORMAT = "dwarf-with-dsym";
				ENABLE_NS_ASSERTIONS = NO;
				ENABLE_STRICT_OBJC_MSGSEND = YES;
				GCC_C_LANGUAGE_STANDARD = gnu11;
				GCC_NO_COMMON_BLOCKS = YES;
				GCC_WARN_64_TO_32_BIT_CONVERSION = YES;
				GCC_WARN_ABOUT_RETURN_TYPE = YES_ERROR;
				GCC_WARN_UNDECLARED_SELECTOR = YES;
				GCC_WARN_UNINITIALIZED_AUTOS = YES_AGGRESSIVE;
				GCC_WARN_UNUSED_FUNCTION = YES;
				GCC_WARN_UNUSED_VARIABLE = YES;
				IPHONEOS_DEPLOYMENT_TARGET = 14.4;
				MTL_ENABLE_DEBUG_INFO = NO;
				MTL_FAST_MATH = YES;
				SDKROOT = iphoneos;
				SWIFT_COMPILATION_MODE = wholemodule;
				SWIFT_OPTIMIZATION_LEVEL = "-O";
				VALIDATE_PRODUCT = YES;
			};
			name = Release;
		};
		3B84B40725E0048D00A18412 /* Debug */ = {
			isa = XCBuildConfiguration;
			buildSettings = {
				ASSETCATALOG_COMPILER_APPICON_NAME = AppIcon;
				ASSETCATALOG_COMPILER_GLOBAL_ACCENT_COLOR_NAME = AccentColor;
				CODE_SIGN_STYLE = Automatic;
				DEVELOPMENT_TEAM = 627VX4YTF5;
				INFOPLIST_FILE = "SimpleFileManager/Application Files/Info.plist";
				IPHONEOS_DEPLOYMENT_TARGET = 11.0;
				LD_RUNPATH_SEARCH_PATHS = (
					"$(inherited)",
					"@executable_path/Frameworks",
				);
				PRODUCT_BUNDLE_IDENTIFIER = artemSkripkin.SimpleFileManager;
				PRODUCT_NAME = "$(TARGET_NAME)";
				SWIFT_VERSION = 5.0;
				TARGETED_DEVICE_FAMILY = 1;
			};
			name = Debug;
		};
		3B84B40825E0048D00A18412 /* Release */ = {
			isa = XCBuildConfiguration;
			buildSettings = {
				ASSETCATALOG_COMPILER_APPICON_NAME = AppIcon;
				ASSETCATALOG_COMPILER_GLOBAL_ACCENT_COLOR_NAME = AccentColor;
				CODE_SIGN_STYLE = Automatic;
				DEVELOPMENT_TEAM = 627VX4YTF5;
				INFOPLIST_FILE = "SimpleFileManager/Application Files/Info.plist";
				IPHONEOS_DEPLOYMENT_TARGET = 11.0;
				LD_RUNPATH_SEARCH_PATHS = (
					"$(inherited)",
					"@executable_path/Frameworks",
				);
				PRODUCT_BUNDLE_IDENTIFIER = artemSkripkin.SimpleFileManager;
				PRODUCT_NAME = "$(TARGET_NAME)";
				SWIFT_VERSION = 5.0;
				TARGETED_DEVICE_FAMILY = 1;
			};
			name = Release;
		};
/* End XCBuildConfiguration section */

/* Begin XCConfigurationList section */
		3B84B3ED25E0048C00A18412 /* Build configuration list for PBXProject "SimpleFileManager" */ = {
			isa = XCConfigurationList;
			buildConfigurations = (
				3B84B40425E0048D00A18412 /* Debug */,
				3B84B40525E0048D00A18412 /* Release */,
			);
			defaultConfigurationIsVisible = 0;
			defaultConfigurationName = Release;
		};
		3B84B40625E0048D00A18412 /* Build configuration list for PBXNativeTarget "SimpleFileManager" */ = {
			isa = XCConfigurationList;
			buildConfigurations = (
				3B84B40725E0048D00A18412 /* Debug */,
				3B84B40825E0048D00A18412 /* Release */,
			);
			defaultConfigurationIsVisible = 0;
			defaultConfigurationName = Release;
		};
/* End XCConfigurationList section */
	};
	rootObject = 3B84B3EA25E0048C00A18412 /* Project object */;
}
